// !$*UTF8*$!
{
	archiveVersion = 1;
	classes = {
	};
	objectVersion = 50;
	objects = {

/* Begin PBXBuildFile section */
		CA27AD422811521100C9C251 /* exapmles.json in Resources */ = {isa = PBXBuildFile; fileRef = CA27AD412811521100C9C251 /* exapmles.json */; };
		CA27AD472811547E00C9C251 /* Matrix.swift in Sources */ = {isa = PBXBuildFile; fileRef = CA27AD462811547E00C9C251 /* Matrix.swift */; };
		CA27AD4B281161F900C9C251 /* SolvingBuzzelScreen.swift in Sources */ = {isa = PBXBuildFile; fileRef = CA27AD4A281161F900C9C251 /* SolvingBuzzelScreen.swift */; };
		CA27AD4F281162B400C9C251 /* GridView.swift in Sources */ = {isa = PBXBuildFile; fileRef = CA27AD4E281162B400C9C251 /* GridView.swift */; };
		CA27AD52281173C600C9C251 /* LinearGradient+Extension.swift in Sources */ = {isa = PBXBuildFile; fileRef = CA27AD51281173C600C9C251 /* LinearGradient+Extension.swift */; };
		CA27AD55281173E500C9C251 /* CheckmarkView.swift in Sources */ = {isa = PBXBuildFile; fileRef = CA27AD54281173E500C9C251 /* CheckmarkView.swift */; };
		CA27AD582811740300C9C251 /* ExampleCard.swift in Sources */ = {isa = PBXBuildFile; fileRef = CA27AD572811740300C9C251 /* ExampleCard.swift */; };
		CA27AD5B2811742400C9C251 /* RateView.swift in Sources */ = {isa = PBXBuildFile; fileRef = CA27AD5A2811742400C9C251 /* RateView.swift */; };
		CA27AD5F2811747100C9C251 /* ExamplesListScreen.swift in Sources */ = {isa = PBXBuildFile; fileRef = CA27AD5E2811747100C9C251 /* ExamplesListScreen.swift */; };
		CA27AD632811759200C9C251 /* Statistic.swift in Sources */ = {isa = PBXBuildFile; fileRef = CA27AD622811759200C9C251 /* Statistic.swift */; };
		CA27AD662811779500C9C251 /* DataCenter.swift in Sources */ = {isa = PBXBuildFile; fileRef = CA27AD652811779500C9C251 /* DataCenter.swift */; };
		CA27AD6928117FD300C9C251 /* ErrorView.swift in Sources */ = {isa = PBXBuildFile; fileRef = CA27AD6828117FD300C9C251 /* ErrorView.swift */; };
		CA27AD6C2811821D00C9C251 /* BlurView.swift in Sources */ = {isa = PBXBuildFile; fileRef = CA27AD6B2811821D00C9C251 /* BlurView.swift */; };
		CA27AD702811833900C9C251 /* ChooseLevelScreen.swift in Sources */ = {isa = PBXBuildFile; fileRef = CA27AD6F2811833900C9C251 /* ChooseLevelScreen.swift */; };
		CAA854E328100ECA009A954E /* SodokuApp.swift in Sources */ = {isa = PBXBuildFile; fileRef = CAA854E228100ECA009A954E /* SodokuApp.swift */; };
		CAA854E528100ECA009A954E /* ContentView.swift in Sources */ = {isa = PBXBuildFile; fileRef = CAA854E428100ECA009A954E /* ContentView.swift */; };
		CAA854E728100ECC009A954E /* Assets.xcassets in Resources */ = {isa = PBXBuildFile; fileRef = CAA854E628100ECC009A954E /* Assets.xcassets */; };
		CAA854EA28100ECC009A954E /* Preview Assets.xcassets in Resources */ = {isa = PBXBuildFile; fileRef = CAA854E928100ECC009A954E /* Preview Assets.xcassets */; };
		CAA854F928100F04009A954E /* HomeScreen.swift in Sources */ = {isa = PBXBuildFile; fileRef = CAA854F828100F04009A954E /* HomeScreen.swift */; };
		CAA854FE28101219009A954E /* Global.swift in Sources */ = {isa = PBXBuildFile; fileRef = CAA854FD28101219009A954E /* Global.swift */; };
		CAA85501281013A6009A954E /* Color+Extension.swift in Sources */ = {isa = PBXBuildFile; fileRef = CAA85500281013A6009A954E /* Color+Extension.swift */; };
		CAA85504281014D5009A954E /* Node.swift in Sources */ = {isa = PBXBuildFile; fileRef = CAA85503281014D5009A954E /* Node.swift */; };
		CAA8550B28101A7B009A954E /* SudokuSolver.swift in Sources */ = {isa = PBXBuildFile; fileRef = CAA8550A28101A7B009A954E /* SudokuSolver.swift */; };
		CAA8550F281021FE009A954E /* SudokuProvider.swift in Sources */ = {isa = PBXBuildFile; fileRef = CAA8550E281021FE009A954E /* SudokuProvider.swift */; };
/* End PBXBuildFile section */

/* Begin PBXFileReference section */
		CA27AD412811521100C9C251 /* exapmles.json */ = {isa = PBXFileReference; lastKnownFileType = text.json; path = exapmles.json; sourceTree = "<group>"; };
		CA27AD462811547E00C9C251 /* Matrix.swift */ = {isa = PBXFileReference; lastKnownFileType = sourcecode.swift; path = Matrix.swift; sourceTree = "<group>"; };
		CA27AD4A281161F900C9C251 /* SolvingBuzzelScreen.swift */ = {isa = PBXFileReference; lastKnownFileType = sourcecode.swift; path = SolvingBuzzelScreen.swift; sourceTree = "<group>"; };
		CA27AD4E281162B400C9C251 /* GridView.swift */ = {isa = PBXFileReference; lastKnownFileType = sourcecode.swift; path = GridView.swift; sourceTree = "<group>"; };
		CA27AD51281173C600C9C251 /* LinearGradient+Extension.swift */ = {isa = PBXFileReference; lastKnownFileType = sourcecode.swift; path = "LinearGradient+Extension.swift"; sourceTree = "<group>"; };
		CA27AD54281173E500C9C251 /* CheckmarkView.swift */ = {isa = PBXFileReference; lastKnownFileType = sourcecode.swift; path = CheckmarkView.swift; sourceTree = "<group>"; };
		CA27AD572811740300C9C251 /* ExampleCard.swift */ = {isa = PBXFileReference; lastKnownFileType = sourcecode.swift; path = ExampleCard.swift; sourceTree = "<group>"; };
		CA27AD5A2811742400C9C251 /* RateView.swift */ = {isa = PBXFileReference; lastKnownFileType = sourcecode.swift; path = RateView.swift; sourceTree = "<group>"; };
		CA27AD5E2811747100C9C251 /* ExamplesListScreen.swift */ = {isa = PBXFileReference; lastKnownFileType = sourcecode.swift; path = ExamplesListScreen.swift; sourceTree = "<group>"; };
		CA27AD622811759200C9C251 /* Statistic.swift */ = {isa = PBXFileReference; lastKnownFileType = sourcecode.swift; path = Statistic.swift; sourceTree = "<group>"; };
		CA27AD652811779500C9C251 /* DataCenter.swift */ = {isa = PBXFileReference; lastKnownFileType = sourcecode.swift; path = DataCenter.swift; sourceTree = "<group>"; };
		CA27AD6828117FD300C9C251 /* ErrorView.swift */ = {isa = PBXFileReference; lastKnownFileType = sourcecode.swift; path = ErrorView.swift; sourceTree = "<group>"; };
		CA27AD6B2811821D00C9C251 /* BlurView.swift */ = {isa = PBXFileReference; lastKnownFileType = sourcecode.swift; path = BlurView.swift; sourceTree = "<group>"; };
		CA27AD6F2811833900C9C251 /* ChooseLevelScreen.swift */ = {isa = PBXFileReference; lastKnownFileType = sourcecode.swift; path = ChooseLevelScreen.swift; sourceTree = "<group>"; };
		CAA854DF28100ECA009A954E /* Sodoku.app */ = {isa = PBXFileReference; explicitFileType = wrapper.application; includeInIndex = 0; path = Sodoku.app; sourceTree = BUILT_PRODUCTS_DIR; };
		CAA854E228100ECA009A954E /* SodokuApp.swift */ = {isa = PBXFileReference; lastKnownFileType = sourcecode.swift; path = SodokuApp.swift; sourceTree = "<group>"; };
		CAA854E428100ECA009A954E /* ContentView.swift */ = {isa = PBXFileReference; lastKnownFileType = sourcecode.swift; path = ContentView.swift; sourceTree = "<group>"; };
		CAA854E628100ECC009A954E /* Assets.xcassets */ = {isa = PBXFileReference; lastKnownFileType = folder.assetcatalog; path = Assets.xcassets; sourceTree = "<group>"; };
		CAA854E928100ECC009A954E /* Preview Assets.xcassets */ = {isa = PBXFileReference; lastKnownFileType = folder.assetcatalog; path = "Preview Assets.xcassets"; sourceTree = "<group>"; };
		CAA854EB28100ECC009A954E /* Info.plist */ = {isa = PBXFileReference; lastKnownFileType = text.plist.xml; path = Info.plist; sourceTree = "<group>"; };
		CAA854F828100F04009A954E /* HomeScreen.swift */ = {isa = PBXFileReference; lastKnownFileType = sourcecode.swift; path = HomeScreen.swift; sourceTree = "<group>"; };
		CAA854FD28101219009A954E /* Global.swift */ = {isa = PBXFileReference; lastKnownFileType = sourcecode.swift; path = Global.swift; sourceTree = "<group>"; };
		CAA85500281013A6009A954E /* Color+Extension.swift */ = {isa = PBXFileReference; lastKnownFileType = sourcecode.swift; path = "Color+Extension.swift"; sourceTree = "<group>"; };
		CAA85503281014D5009A954E /* Node.swift */ = {isa = PBXFileReference; lastKnownFileType = sourcecode.swift; path = Node.swift; sourceTree = "<group>"; };
		CAA8550A28101A7B009A954E /* SudokuSolver.swift */ = {isa = PBXFileReference; lastKnownFileType = sourcecode.swift; path = SudokuSolver.swift; sourceTree = "<group>"; };
		CAA8550E281021FE009A954E /* SudokuProvider.swift */ = {isa = PBXFileReference; lastKnownFileType = sourcecode.swift; path = SudokuProvider.swift; sourceTree = "<group>"; };
/* End PBXFileReference section */

/* Begin PBXFrameworksBuildPhase section */
		CAA854DC28100ECA009A954E /* Frameworks */ = {
			isa = PBXFrameworksBuildPhase;
			buildActionMask = 2147483647;
			files = (
			);
			runOnlyForDeploymentPostprocessing = 0;
		};
/* End PBXFrameworksBuildPhase section */

/* Begin PBXGroup section */
		CA27AD49281161DA00C9C251 /* SolvingBuzzelScreen */ = {
			isa = PBXGroup;
			children = (
				CA27AD4A281161F900C9C251 /* SolvingBuzzelScreen.swift */,
			);
			path = SolvingBuzzelScreen;
			sourceTree = "<group>";
		};
		CA27AD5D2811745E00C9C251 /* ExamplesListScreen */ = {
			isa = PBXGroup;
			children = (
				CA27AD5E2811747100C9C251 /* ExamplesListScreen.swift */,
			);
			path = ExamplesListScreen;
			sourceTree = "<group>";
		};
		CA27AD6E2811832800C9C251 /* ChooseLevelScreen */ = {
			isa = PBXGroup;
			children = (
				CA27AD6F2811833900C9C251 /* ChooseLevelScreen.swift */,
			);
			path = ChooseLevelScreen;
			sourceTree = "<group>";
		};
		CAA854D628100ECA009A954E = {
			isa = PBXGroup;
			children = (
				CAA854E128100ECA009A954E /* Sodoku */,
				CAA854E028100ECA009A954E /* Products */,
			);
			sourceTree = "<group>";
		};
		CAA854E028100ECA009A954E /* Products */ = {
			isa = PBXGroup;
			children = (
				CAA854DF28100ECA009A954E /* Sodoku.app */,
			);
			name = Products;
			sourceTree = "<group>";
		};
		CAA854E128100ECA009A954E /* Sodoku */ = {
			isa = PBXGroup;
			children = (
				CAA854F628100EEA009A954E /* Resources */,
				CAA854F528100EE5009A954E /* Extensions */,
				CAA8550928101A64009A954E /* Helpers */,
				CAA854F428100EE0009A954E /* Models */,
				CAA854F328100EDA009A954E /* Views */,
				CAA854F228100ED5009A954E /* Screens */,
				CAA854EB28100ECC009A954E /* Info.plist */,
				CAA854E828100ECC009A954E /* Preview Content */,
			);
			path = Sodoku;
			sourceTree = "<group>";
		};
		CAA854E828100ECC009A954E /* Preview Content */ = {
			isa = PBXGroup;
			children = (
				CAA854E928100ECC009A954E /* Preview Assets.xcassets */,
			);
			path = "Preview Content";
			sourceTree = "<group>";
		};
		CAA854F228100ED5009A954E /* Screens */ = {
			isa = PBXGroup;
			children = (
				CA27AD6E2811832800C9C251 /* ChooseLevelScreen */,
				CA27AD5D2811745E00C9C251 /* ExamplesListScreen */,
				CA27AD49281161DA00C9C251 /* SolvingBuzzelScreen */,
				CAA854F728100EF7009A954E /* Home */,
			);
			path = Screens;
			sourceTree = "<group>";
		};
		CAA854F328100EDA009A954E /* Views */ = {
			isa = PBXGroup;
			children = (
				CA27AD4E281162B400C9C251 /* GridView.swift */,
				CA27AD54281173E500C9C251 /* CheckmarkView.swift */,
				CA27AD572811740300C9C251 /* ExampleCard.swift */,
				CA27AD5A2811742400C9C251 /* RateView.swift */,
				CA27AD6828117FD300C9C251 /* ErrorView.swift */,
				CA27AD6B2811821D00C9C251 /* BlurView.swift */,
			);
			path = Views;
			sourceTree = "<group>";
		};
		CAA854F428100EE0009A954E /* Models */ = {
			isa = PBXGroup;
			children = (
				CAA85503281014D5009A954E /* Node.swift */,
				CA27AD462811547E00C9C251 /* Matrix.swift */,
				CA27AD622811759200C9C251 /* Statistic.swift */,
			);
			path = Models;
			sourceTree = "<group>";
		};
		CAA854F528100EE5009A954E /* Extensions */ = {
			isa = PBXGroup;
			children = (
				CAA85500281013A6009A954E /* Color+Extension.swift */,
				CA27AD51281173C600C9C251 /* LinearGradient+Extension.swift */,
			);
			path = Extensions;
			sourceTree = "<group>";
		};
		CAA854F628100EEA009A954E /* Resources */ = {
			isa = PBXGroup;
			children = (
				CAA854E628100ECC009A954E /* Assets.xcassets */,
				CAA854E428100ECA009A954E /* ContentView.swift */,
				CAA854E228100ECA009A954E /* SodokuApp.swift */,
				CAA854FD28101219009A954E /* Global.swift */,
				CA27AD412811521100C9C251 /* exapmles.json */,
			);
			path = Resources;
			sourceTree = "<group>";
		};
		CAA854F728100EF7009A954E /* Home */ = {
			isa = PBXGroup;
			children = (
				CAA854F828100F04009A954E /* HomeScreen.swift */,
			);
			path = Home;
			sourceTree = "<group>";
		};
		CAA8550928101A64009A954E /* Helpers */ = {
			isa = PBXGroup;
			children = (
				CAA8550A28101A7B009A954E /* SudokuSolver.swift */,
				CAA8550E281021FE009A954E /* SudokuProvider.swift */,
				CA27AD652811779500C9C251 /* DataCenter.swift */,
			);
			path = Helpers;
			sourceTree = "<group>";
		};
/* End PBXGroup section */

/* Begin PBXNativeTarget section */
		CAA854DE28100ECA009A954E /* Sodoku */ = {
			isa = PBXNativeTarget;
			buildConfigurationList = CAA854EE28100ECC009A954E /* Build configuration list for PBXNativeTarget "Sodoku" */;
			buildPhases = (
				CAA854DB28100ECA009A954E /* Sources */,
				CAA854DC28100ECA009A954E /* Frameworks */,
				CAA854DD28100ECA009A954E /* Resources */,
			);
			buildRules = (
			);
			dependencies = (
			);
			name = Sodoku;
			productName = Sodoku;
			productReference = CAA854DF28100ECA009A954E /* Sodoku.app */;
			productType = "com.apple.product-type.application";
		};
/* End PBXNativeTarget section */

/* Begin PBXProject section */
		CAA854D728100ECA009A954E /* Project object */ = {
			isa = PBXProject;
			attributes = {
				LastSwiftUpdateCheck = 1240;
				LastUpgradeCheck = 1240;
				TargetAttributes = {
					CAA854DE28100ECA009A954E = {
						CreatedOnToolsVersion = 12.4;
					};
				};
			};
			buildConfigurationList = CAA854DA28100ECA009A954E /* Build configuration list for PBXProject "Sodoku" */;
			compatibilityVersion = "Xcode 9.3";
			developmentRegion = en;
			hasScannedForEncodings = 0;
			knownRegions = (
				en,
				Base,
			);
			mainGroup = CAA854D628100ECA009A954E;
			productRefGroup = CAA854E028100ECA009A954E /* Products */;
			projectDirPath = "";
			projectRoot = "";
			targets = (
				CAA854DE28100ECA009A954E /* Sodoku */,
			);
		};
/* End PBXProject section */

/* Begin PBXResourcesBuildPhase section */
		CAA854DD28100ECA009A954E /* Resources */ = {
			isa = PBXResourcesBuildPhase;
			buildActionMask = 2147483647;
			files = (
				CAA854EA28100ECC009A954E /* Preview Assets.xcassets in Resources */,
				CAA854E728100ECC009A954E /* Assets.xcassets in Resources */,
				CA27AD422811521100C9C251 /* exapmles.json in Resources */,
			);
			runOnlyForDeploymentPostprocessing = 0;
		};
/* End PBXResourcesBuildPhase section */

/* Begin PBXSourcesBuildPhase section */
		CAA854DB28100ECA009A954E /* Sources */ = {
			isa = PBXSourcesBuildPhase;
			buildActionMask = 2147483647;
			files = (
				CA27AD662811779500C9C251 /* DataCenter.swift in Sources */,
				CA27AD632811759200C9C251 /* Statistic.swift in Sources */,
				CA27AD6928117FD300C9C251 /* ErrorView.swift in Sources */,
				CA27AD582811740300C9C251 /* ExampleCard.swift in Sources */,
				CAA854FE28101219009A954E /* Global.swift in Sources */,
				CA27AD702811833900C9C251 /* ChooseLevelScreen.swift in Sources */,
				CAA85501281013A6009A954E /* Color+Extension.swift in Sources */,
				CA27AD52281173C600C9C251 /* LinearGradient+Extension.swift in Sources */,
				CA27AD4B281161F900C9C251 /* SolvingBuzzelScreen.swift in Sources */,
				CA27AD4F281162B400C9C251 /* GridView.swift in Sources */,
				CA27AD472811547E00C9C251 /* Matrix.swift in Sources */,
				CAA854E528100ECA009A954E /* ContentView.swift in Sources */,
				CAA85504281014D5009A954E /* Node.swift in Sources */,
				CAA8550F281021FE009A954E /* SudokuProvider.swift in Sources */,
				CAA8550B28101A7B009A954E /* SudokuSolver.swift in Sources */,
				CA27AD5B2811742400C9C251 /* RateView.swift in Sources */,
				CAA854E328100ECA009A954E /* SodokuApp.swift in Sources */,
				CA27AD55281173E500C9C251 /* CheckmarkView.swift in Sources */,
				CA27AD6C2811821D00C9C251 /* BlurView.swift in Sources */,
				CA27AD5F2811747100C9C251 /* ExamplesListScreen.swift in Sources */,
				CAA854F928100F04009A954E /* HomeScreen.swift in Sources */,
			);
			runOnlyForDeploymentPostprocessing = 0;
		};
/* End PBXSourcesBuildPhase section */

/* Begin XCBuildConfiguration section */
		CAA854EC28100ECC009A954E /* Debug */ = {
			isa = XCBuildConfiguration;
			buildSettings = {
				ALWAYS_SEARCH_USER_PATHS = NO;
				CLANG_ANALYZER_NONNULL = YES;
				CLANG_ANALYZER_NUMBER_OBJECT_CONVERSION = YES_AGGRESSIVE;
				CLANG_CXX_LANGUAGE_STANDARD = "gnu++14";
				CLANG_CXX_LIBRARY = "libc++";
				CLANG_ENABLE_MODULES = YES;
				CLANG_ENABLE_OBJC_ARC = YES;
				CLANG_ENABLE_OBJC_WEAK = YES;
				CLANG_WARN_BLOCK_CAPTURE_AUTORELEASING = YES;
				CLANG_WARN_BOOL_CONVERSION = YES;
				CLANG_WARN_COMMA = YES;
				CLANG_WARN_CONSTANT_CONVERSION = YES;
				CLANG_WARN_DEPRECATED_OBJC_IMPLEMENTATIONS = YES;
				CLANG_WARN_DIRECT_OBJC_ISA_USAGE = YES_ERROR;
				CLANG_WARN_DOCUMENTATION_COMMENTS = YES;
				CLANG_WARN_EMPTY_BODY = YES;
				CLANG_WARN_ENUM_CONVERSION = YES;
				CLANG_WARN_INFINITE_RECURSION = YES;
				CLANG_WARN_INT_CONVERSION = YES;
				CLANG_WARN_NON_LITERAL_NULL_CONVERSION = YES;
				CLANG_WARN_OBJC_IMPLICIT_RETAIN_SELF = YES;
				CLANG_WARN_OBJC_LITERAL_CONVERSION = YES;
				CLANG_WARN_OBJC_ROOT_CLASS = YES_ERROR;
				CLANG_WARN_QUOTED_INCLUDE_IN_FRAMEWORK_HEADER = YES;
				CLANG_WARN_RANGE_LOOP_ANALYSIS = YES;
				CLANG_WARN_STRICT_PROTOTYPES = YES;
				CLANG_WARN_SUSPICIOUS_MOVE = YES;
				CLANG_WARN_UNGUARDED_AVAILABILITY = YES_AGGRESSIVE;
				CLANG_WARN_UNREACHABLE_CODE = YES;
				CLANG_WARN__DUPLICATE_METHOD_MATCH = YES;
				COPY_PHASE_STRIP = NO;
				DEBUG_INFORMATION_FORMAT = dwarf;
				ENABLE_STRICT_OBJC_MSGSEND = YES;
				ENABLE_TESTABILITY = YES;
				GCC_C_LANGUAGE_STANDARD = gnu11;
				GCC_DYNAMIC_NO_PIC = NO;
				GCC_NO_COMMON_BLOCKS = YES;
				GCC_OPTIMIZATION_LEVEL = 0;
				GCC_PREPROCESSOR_DEFINITIONS = (
					"DEBUG=1",
					"$(inherited)",
				);
				GCC_WARN_64_TO_32_BIT_CONVERSION = YES;
				GCC_WARN_ABOUT_RETURN_TYPE = YES_ERROR;
				GCC_WARN_UNDECLARED_SELECTOR = YES;
				GCC_WARN_UNINITIALIZED_AUTOS = YES_AGGRESSIVE;
				GCC_WARN_UNUSED_FUNCTION = YES;
				GCC_WARN_UNUSED_VARIABLE = YES;
				IPHONEOS_DEPLOYMENT_TARGET = 14.4;
				MTL_ENABLE_DEBUG_INFO = INCLUDE_SOURCE;
				MTL_FAST_MATH = YES;
				ONLY_ACTIVE_ARCH = YES;
				SDKROOT = iphoneos;
				SWIFT_ACTIVE_COMPILATION_CONDITIONS = DEBUG;
				SWIFT_OPTIMIZATION_LEVEL = "-Onone";
			};
			name = Debug;
		};
		CAA854ED28100ECC009A954E /* Release */ = {
			isa = XCBuildConfiguration;
			buildSettings = {
				ALWAYS_SEARCH_USER_PATHS = NO;
				CLANG_ANALYZER_NONNULL = YES;
				CLANG_ANALYZER_NUMBER_OBJECT_CONVERSION = YES_AGGRESSIVE;
				CLANG_CXX_LANGUAGE_STANDARD = "gnu++14";
				CLANG_CXX_LIBRARY = "libc++";
				CLANG_ENABLE_MODULES = YES;
				CLANG_ENABLE_OBJC_ARC = YES;
				CLANG_ENABLE_OBJC_WEAK = YES;
				CLANG_WARN_BLOCK_CAPTURE_AUTORELEASING = YES;
				CLANG_WARN_BOOL_CONVERSION = YES;
				CLANG_WARN_COMMA = YES;
				CLANG_WARN_CONSTANT_CONVERSION = YES;
				CLANG_WARN_DEPRECATED_OBJC_IMPLEMENTATIONS = YES;
				CLANG_WARN_DIRECT_OBJC_ISA_USAGE = YES_ERROR;
				CLANG_WARN_DOCUMENTATION_COMMENTS = YES;
				CLANG_WARN_EMPTY_BODY = YES;
				CLANG_WARN_ENUM_CONVERSION = YES;
				CLANG_WARN_INFINITE_RECURSION = YES;
				CLANG_WARN_INT_CONVERSION = YES;
				CLANG_WARN_NON_LITERAL_NULL_CONVERSION = YES;
				CLANG_WARN_OBJC_IMPLICIT_RETAIN_SELF = YES;
				CLANG_WARN_OBJC_LITERAL_CONVERSION = YES;
				CLANG_WARN_OBJC_ROOT_CLASS = YES_ERROR;
				CLANG_WARN_QUOTED_INCLUDE_IN_FRAMEWORK_HEADER = YES;
				CLANG_WARN_RANGE_LOOP_ANALYSIS = YES;
				CLANG_WARN_STRICT_PROTOTYPES = YES;
				CLANG_WARN_SUSPICIOUS_MOVE = YES;
				CLANG_WARN_UNGUARDED_AVAILABILITY = YES_AGGRESSIVE;
				CLANG_WARN_UNREACHABLE_CODE = YES;
				CLANG_WARN__DUPLICATE_METHOD_MATCH = YES;
				COPY_PHASE_STRIP = NO;
				DEBUG_INFORMATION_FORMAT = "dwarf-with-dsym";
				ENABLE_NS_ASSERTIONS = NO;
				ENABLE_STRICT_OBJC_MSGSEND = YES;
				GCC_C_LANGUAGE_STANDARD = gnu11;
				GCC_NO_COMMON_BLOCKS = YES;
				GCC_WARN_64_TO_32_BIT_CONVERSION = YES;
				GCC_WARN_ABOUT_RETURN_TYPE = YES_ERROR;
				GCC_WARN_UNDECLARED_SELECTOR = YES;
				GCC_WARN_UNINITIALIZED_AUTOS = YES_AGGRESSIVE;
				GCC_WARN_UNUSED_FUNCTION = YES;
				GCC_WARN_UNUSED_VARIABLE = YES;
				IPHONEOS_DEPLOYMENT_TARGET = 14.4;
				MTL_ENABLE_DEBUG_INFO = NO;
				MTL_FAST_MATH = YES;
				SDKROOT = iphoneos;
				SWIFT_COMPILATION_MODE = wholemodule;
				SWIFT_OPTIMIZATION_LEVEL = "-O";
				VALIDATE_PRODUCT = YES;
			};
			name = Release;
		};
		CAA854EF28100ECC009A954E /* Debug */ = {
			isa = XCBuildConfiguration;
			buildSettings = {
				ASSETCATALOG_COMPILER_APPICON_NAME = AppIcon;
				ASSETCATALOG_COMPILER_GLOBAL_ACCENT_COLOR_NAME = AccentColor;
				CODE_SIGN_STYLE = Automatic;
				DEVELOPMENT_ASSET_PATHS = "\"Sodoku/Preview Content\"";
				DEVELOPMENT_TEAM = 95563VRD3R;
				ENABLE_PREVIEWS = YES;
				INFOPLIST_FILE = Sodoku/Info.plist;
				IPHONEOS_DEPLOYMENT_TARGET = 14.0;
				LD_RUNPATH_SEARCH_PATHS = (
					"$(inherited)",
					"@executable_path/Frameworks",
				);
				PRODUCT_BUNDLE_IDENTIFIER = com.codersdc.Sodoku;
				PRODUCT_NAME = "$(TARGET_NAME)";
				SWIFT_VERSION = 5.0;
				TARGETED_DEVICE_FAMILY = "1,2";
			};
			name = Debug;
		};
		CAA854F028100ECC009A954E /* Release */ = {
			isa = XCBuildConfiguration;
			buildSettings = {
				ASSETCATALOG_COMPILER_APPICON_NAME = AppIcon;
				ASSETCATALOG_COMPILER_GLOBAL_ACCENT_COLOR_NAME = AccentColor;
				CODE_SIGN_STYLE = Automatic;
				DEVELOPMENT_ASSET_PATHS = "\"Sodoku/Preview Content\"";
				DEVELOPMENT_TEAM = 95563VRD3R;
				ENABLE_PREVIEWS = YES;
				INFOPLIST_FILE = Sodoku/Info.plist;
				IPHONEOS_DEPLOYMENT_TARGET = 14.0;
				LD_RUNPATH_SEARCH_PATHS = (
					"$(inherited)",
					"@executable_path/Frameworks",
				);
				PRODUCT_BUNDLE_IDENTIFIER = com.codersdc.Sodoku;
				PRODUCT_NAME = "$(TARGET_NAME)";
				SWIFT_VERSION = 5.0;
				TARGETED_DEVICE_FAMILY = "1,2";
			};
			name = Release;
		};
/* End XCBuildConfiguration section */

/* Begin XCConfigurationList section */
		CAA854DA28100ECA009A954E /* Build configuration list for PBXProject "Sodoku" */ = {
			isa = XCConfigurationList;
			buildConfigurations = (
				CAA854EC28100ECC009A954E /* Debug */,
				CAA854ED28100ECC009A954E /* Release */,
			);
			defaultConfigurationIsVisible = 0;
			defaultConfigurationName = Release;
		};
		CAA854EE28100ECC009A954E /* Build configuration list for PBXNativeTarget "Sodoku" */ = {
			isa = XCConfigurationList;
			buildConfigurations = (
				CAA854EF28100ECC009A954E /* Debug */,
				CAA854F028100ECC009A954E /* Release */,
			);
			defaultConfigurationIsVisible = 0;
			defaultConfigurationName = Release;
		};
/* End XCConfigurationList section */
	};
	rootObject = CAA854D728100ECA009A954E /* Project object */;
}
